{
  "name": "AIUI",
  "lockfileVersion": 2,
  "requires": true,
  "packages": {
    "": {
      "dependencies": {
        "@muguilin/xf-voice-dictation": "^1.0.1"
      }
    },
    "node_modules/@muguilin/xf-voice-dictation": {
      "version": "1.0.1",
      "resolved": "https://registry.npmmirror.com/@muguilin/xf-voice-dictation/-/xf-voice-dictation-1.0.1.tgz",
      "integrity": "sha512-mkiTpjSbwJHnnLv4Gi6lBlcINLJRMZ50M7y3in8cJ4LIIHjGk4bu1K2EsmzLTE2+hWCbULzT/9T+D4yu4JuAFQ=="
    }
  },
  "dependencies": {
    "@muguilin/xf-voice-dictation": {
      "version": "1.0.1",
      "resolved": "https://registry.npmmirror.com/@muguilin/xf-voice-dictation/-/xf-voice-dictation-1.0.1.tgz",
      "integrity": "sha512-mkiTpjSbwJHnnLv4Gi6lBlcINLJRMZ50M7y3in8cJ4LIIHjGk4bu1K2EsmzLTE2+hWCbULzT/9T+D4yu4JuAFQ=="
    }
  }
}
